PODS:
  - DrawerController (1.1.0):
    - DrawerController/Core (= 1.1.0)
    - DrawerController/DrawerVisualStates (= 1.1.0)
  - DrawerController/Core (1.1.0)
  - DrawerController/DrawerVisualStates (1.1.0):
    - DrawerController/Core

DEPENDENCIES:
  - DrawerController (~> 1.0)

SPEC CHECKSUMS:
  DrawerController: 8fd56e6238399a08c4af054fbea0ef8669cd81f3

COCOAPODS: 0.39.0
